version = 1
revision = 1
requires-python = ">=3.6"

[[package]]
name = "cachetools"
version = "4.2.4"
source = { registry = "https://pypi.org/simple" }
sdist = { url = "https://files.pythonhosted.org/packages/d7/69/c457a860456cbf80ecc2e44ed4c201b49ec7ad124d769b71f6d0a7935dca/cachetools-4.2.4.tar.gz", hash = "sha256:89ea6f1b638d5a73a4f9226be57ac5e4f399d22770b92355f92dcb0f7f001693", size = 25487 }
wheels = [
    { url = "https://files.pythonhosted.org/packages/ea/c1/4740af52db75e6dbdd57fc7e9478439815bbac549c1c05881be27d19a17d/cachetools-4.2.4-py3-none-any.whl", hash = "sha256:92971d3cb7d2a97efff7c7bb1657f21a8f5fb309a37530537c71b1774189f2d1", size = 10358 },
]

[[package]]
name = "certifi"
version = "2024.12.14"
source = { registry = "https://pypi.org/simple" }
sdist = { url = "https://files.pythonhosted.org/packages/0f/bd/1d41ee578ce09523c81a15426705dd20969f5abf006d1afe8aeff0dd776a/certifi-2024.12.14.tar.gz", hash = "sha256:b650d30f370c2b724812bee08008be0c4163b163ddaec3f2546c1caf65f191db", size = 166010 }
wheels = [
    { url = "https://files.pythonhosted.org/packages/a5/32/8f6669fc4798494966bf446c8c4a162e0b5d893dff088afddf76414f70e1/certifi-2024.12.14-py3-none-any.whl", hash = "sha256:1275f7a45be9464efc1173084eaa30f866fe2e47d389406136d332ed4967ec56", size = 164927 },
]

[[package]]
name = "charset-normalizer"
version = "2.0.12"
source = { registry = "https://pypi.org/simple" }
sdist = { url = "https://files.pythonhosted.org/packages/56/31/7bcaf657fafb3c6db8c787a865434290b726653c912085fbd371e9b92e1c/charset-normalizer-2.0.12.tar.gz", hash = "sha256:2857e29ff0d34db842cd7ca3230549d1a697f96ee6d3fb071cfa6c7393832597", size = 79105 }
wheels = [
    { url = "https://files.pythonhosted.org/packages/06/b3/24afc8868eba069a7f03650ac750a778862dc34941a4bebeb58706715726/charset_normalizer-2.0.12-py3-none-any.whl", hash = "sha256:6881edbebdb17b39b4eaaa821b438bf6eddffb4468cf344f09f89def34a8b1df", size = 39623 },
]

[[package]]
name = "google-auth"
version = "2.22.0"
source = { registry = "https://pypi.org/simple" }
dependencies = [
    { name = "cachetools" },
    { name = "pyasn1-modules" },
    { name = "rsa" },
    { name = "six" },
    { name = "urllib3" },
]
sdist = { url = "https://files.pythonhosted.org/packages/a4/3a/b6ab1073d2ac98c1b4f9036a4d37d5720f783bd4dc6e2c0ae516d3b13326/google-auth-2.22.0.tar.gz", hash = "sha256:164cba9af4e6e4e40c3a4f90a1a6c12ee56f14c0b4868d1ca91b32826ab334ce", size = 231433 }
wheels = [
    { url = "https://files.pythonhosted.org/packages/9c/8d/bff87fc722553a5691d8514da5523c23547f3894189ba03b57592e37bdc2/google_auth-2.22.0-py2.py3-none-any.whl", hash = "sha256:d61d1b40897407b574da67da1a833bdc10d5a11642566e506565d1b1a46ba873", size = 181773 },
]

[[package]]
name = "idna"
version = "3.10"
source = { registry = "https://pypi.org/simple" }
sdist = { url = "https://files.pythonhosted.org/packages/f1/70/7703c29685631f5a7590aa73f1f1d3fa9a380e654b86af429e0934a32f7d/idna-3.10.tar.gz", hash = "sha256:12f65c9b470abda6dc35cf8e63cc574b1c52b11df2c86030af0ac09b01b13ea9", size = 190490 }
wheels = [
    { url = "https://files.pythonhosted.org/packages/76/c6/c88e154df9c4e1a2a66ccf0005a88dfb2650c1dffb6f5ce603dfbd452ce3/idna-3.10-py3-none-any.whl", hash = "sha256:946d195a0d259cbba61165e88e65941f16e9b36ea6ddb97f00452bae8b1287d3", size = 70442 },
]

[[package]]
name = "numpy"
version = "1.19.5"
source = { registry = "https://pypi.org/simple" }
sdist = { url = "https://files.pythonhosted.org/packages/51/60/3f0fe5b7675a461d96b9d6729beecd3532565743278a9c3fe6dd09697fa7/numpy-1.19.5.zip", hash = "sha256:a76f502430dd98d7546e1ea2250a7360c065a5fdea52b2dffe8ae7180909b6f4", size = 7318340 }
wheels = [
    { url = "https://files.pythonhosted.org/packages/6a/9d/984f87a8d5b28b1d4afc042d8f436a76d6210fb582214f35a0ea1db3be66/numpy-1.19.5-cp36-cp36m-macosx_10_9_x86_64.whl", hash = "sha256:cc6bd4fd593cb261332568485e20a0712883cf631f6f5e8e86a52caa8b2b50ff", size = 15599590 },
    { url = "https://files.pythonhosted.org/packages/9e/3f/693399e09bfc75737e0622803ba13d73e9a4da1d9fcc8614723372c5b00d/numpy-1.19.5-cp36-cp36m-manylinux1_i686.whl", hash = "sha256:aeb9ed923be74e659984e321f609b9ba54a48354bfd168d21a2b072ed1e833ea", size = 11484645 },
    { url = "https://files.pythonhosted.org/packages/45/b2/6c7545bb7a38754d63048c7696804a0d947328125d81bf12beaa692c3ae3/numpy-1.19.5-cp36-cp36m-manylinux1_x86_64.whl", hash = "sha256:8b5e972b43c8fc27d56550b4120fe6257fdc15f9301914380b27f74856299fea", size = 13391355 },
    { url = "https://files.pythonhosted.org/packages/ab/81/244258ba61e03ccbfff2b9d3918b3665184380c5591050eb84ac3e88d0b0/numpy-1.19.5-cp36-cp36m-manylinux2010_i686.whl", hash = "sha256:43d4c81d5ffdff6bae58d66a3cd7f54a7acd9a0e7b18d97abb255defc09e3140", size = 12564437 },
    { url = "https://files.pythonhosted.org/packages/14/32/d3fa649ad7ec0b82737b92fefd3c4dd376b0bb23730715124569f38f3a08/numpy-1.19.5-cp36-cp36m-manylinux2010_x86_64.whl", hash = "sha256:a4646724fba402aa7504cd48b4b50e783296b5e10a524c7a6da62e4a8ac9698d", size = 14835495 },
    { url = "https://files.pythonhosted.org/packages/ab/f6/6cb12866511a564dde8208111b551f9469ba1c3963a63077afbb8a070a4a/numpy-1.19.5-cp36-cp36m-manylinux2014_aarch64.whl", hash = "sha256:2e55195bc1c6b705bfd8ad6f288b38b11b1af32f3c8289d6c50d47f950c12e76", size = 12376775 },
    { url = "https://files.pythonhosted.org/packages/b2/4f/5b2cdd441e92555377003b06c0c2c4ba0282a2bfe809f89a009e853fb26b/numpy-1.19.5-cp36-cp36m-win32.whl", hash = "sha256:39b70c19ec771805081578cc936bbe95336798b7edf4732ed102e7a43ec5c07a", size = 11008246 },
    { url = "https://files.pythonhosted.org/packages/ea/bc/da526221bc111857c7ef39c3af670bbcf5e69c247b0d22e51986f6d0c5c2/numpy-1.19.5-cp36-cp36m-win_amd64.whl", hash = "sha256:dbd18bcf4889b720ba13a27ec2f2aac1981bd41203b3a3b27ba7a33f88ae4827", size = 13227547 },
    { url = "https://files.pythonhosted.org/packages/39/ba/f3db2b5bb36fee2478b1cf47e7f9664b9c27241be80acd31c844404da297/numpy-1.19.5-cp37-cp37m-macosx_10_9_x86_64.whl", hash = "sha256:603aa0706be710eea8884af807b1b3bc9fb2e49b9f4da439e76000f3b3c6ff0f", size = 15558406 },
    { url = "https://files.pythonhosted.org/packages/ca/8d/cfeab2119d6c94e1c6ad7753853773a142109a5f8f56e1d8c940886814bc/numpy-1.19.5-cp37-cp37m-manylinux1_i686.whl", hash = "sha256:cae865b1cae1ec2663d8ea56ef6ff185bad091a5e33ebbadd98de2cfa3fa668f", size = 11483612 },
    { url = "https://files.pythonhosted.org/packages/b1/e1/8c4c5632adaffc18dba4e03e97458dc1cb00583811e6982fc620b9d88515/numpy-1.19.5-cp37-cp37m-manylinux1_x86_64.whl", hash = "sha256:36674959eed6957e61f11c912f71e78857a8d0604171dfd9ce9ad5cbf41c511c", size = 13385808 },
    { url = "https://files.pythonhosted.org/packages/0b/2c/b20e49628109f1f6aa56c5a283dc6001276b0b8853712dc66f2243abddfe/numpy-1.19.5-cp37-cp37m-manylinux2010_i686.whl", hash = "sha256:06fab248a088e439402141ea04f0fffb203723148f6ee791e9c75b3e9e82f080", size = 12570233 },
    { url = "https://files.pythonhosted.org/packages/08/d6/a6aaa29fea945bc6c61d11f6e0697b325ff7446de5ffd62c2fa02f627048/numpy-1.19.5-cp37-cp37m-manylinux2010_x86_64.whl", hash = "sha256:6149a185cece5ee78d1d196938b2a8f9d09f5a5ebfbba66969302a778d5ddd1d", size = 14835904 },
    { url = "https://files.pythonhosted.org/packages/fe/93/b0b203c693d621d6ee9577fc650bab49434c6d23c809dc4eb49db6a339af/numpy-1.19.5-cp37-cp37m-manylinux2014_aarch64.whl", hash = "sha256:50a4a0ad0111cc1b71fa32dedd05fa239f7fb5a43a40663269bb5dc7877cfd28", size = 12383550 },
    { url = "https://files.pythonhosted.org/packages/c4/4c/2be94fa407a0df1ac54b6ee2e42d002b1ea957748fda1b7775e224db12ce/numpy-1.19.5-cp37-cp37m-win32.whl", hash = "sha256:d051ec1c64b85ecc69531e1137bb9751c6830772ee5c1c426dbcfe98ef5788d7", size = 11008115 },
    { url = "https://files.pythonhosted.org/packages/ff/18/60ac053857fb924b0324c81200b59c00317ebaa3c14b7478266b50ffed19/numpy-1.19.5-cp37-cp37m-win_amd64.whl", hash = "sha256:a12ff4c8ddfee61f90a1633a4c4afd3f7bcb32b11c52026c92a12e1325922d0d", size = 13228065 },
    { url = "https://files.pythonhosted.org/packages/a6/b7/c0594c698c7149bfe738724ab9ab3722dca3a4a43823468fe9481abe4016/numpy-1.19.5-cp38-cp38-macosx_10_9_x86_64.whl", hash = "sha256:cf2402002d3d9f91c8b01e66fbb436a4ed01c6498fffed0e4c7566da1d40ee1e", size = 15585489 },
    { url = "https://files.pythonhosted.org/packages/57/c6/bb70999019bc1d11ab27d309eba2f4b7c9c241ca64912ebaa8ec82593df6/numpy-1.19.5-cp38-cp38-manylinux1_i686.whl", hash = "sha256:1ded4fce9cfaaf24e7a0ab51b7a87be9038ea1ace7f34b841fe3b6894c721d1c", size = 11475576 },
    { url = "https://files.pythonhosted.org/packages/21/da/4a59e01f8fff4281a068e90868edd62253c1431a1b7315fe6789f8a0d9c0/numpy-1.19.5-cp38-cp38-manylinux1_x86_64.whl", hash = "sha256:012426a41bc9ab63bb158635aecccc7610e3eff5d31d1eb43bc099debc979d94", size = 13370326 },
    { url = "https://files.pythonhosted.org/packages/47/73/b9435c96228003915c9128c0b49af96aed359a03aa8a86f562add743a99f/numpy-1.19.5-cp38-cp38-manylinux2010_i686.whl", hash = "sha256:759e4095edc3c1b3ac031f34d9459fa781777a93ccc633a472a5468587a190ff", size = 12610298 },
    { url = "https://files.pythonhosted.org/packages/66/d7/3b133b17e185f14137bc8afe7a41daf1f31556900f10238312a5ae9c7345/numpy-1.19.5-cp38-cp38-manylinux2010_x86_64.whl", hash = "sha256:a9d17f2be3b427fbb2bce61e596cf555d6f8a56c222bd2ca148baeeb5e5c783c", size = 14887086 },
    { url = "https://files.pythonhosted.org/packages/97/b6/9ad5980f6657b2d5a7d1d1175f1f48881d5d73c5140c48dbbf08132b5938/numpy-1.19.5-cp38-cp38-manylinux2014_aarch64.whl", hash = "sha256:99abf4f353c3d1a0c7a5f27699482c987cf663b1eac20db59b8c7b061eabd7fc", size = 12415699 },
    { url = "https://files.pythonhosted.org/packages/fd/25/273019ca5ffcabd8a8fff7dd44460e4f9a2ccbc59a647ce511cb721ff757/numpy-1.19.5-cp38-cp38-win32.whl", hash = "sha256:384ec0463d1c2671170901994aeb6dce126de0a95ccc3976c43b0038a37329c2", size = 11034907 },
    { url = "https://files.pythonhosted.org/packages/5a/13/25a83b9aae5fe9460b1997f5ba48814783d7f460bbbd8cadd96e1481ddf0/numpy-1.19.5-cp38-cp38-win_amd64.whl", hash = "sha256:811daee36a58dc79cf3d8bdd4a490e4277d0e4b7d103a001a4e73ddb48e7e6aa", size = 13269033 },
    { url = "https://files.pythonhosted.org/packages/e1/c5/65b2f257a154c7fabc1895b435e7863a1f0bb1769d3c28f1500976e090ee/numpy-1.19.5-cp39-cp39-macosx_10_9_x86_64.whl", hash = "sha256:c843b3f50d1ab7361ca4f0b3639bf691569493a56808a0b0c54a051d260b7dbd", size = 15627844 },
    { url = "https://files.pythonhosted.org/packages/a7/67/06b4c4af90b22ce97270eb75927e42b31b814be44a28e12ec2d9ff8995e7/numpy-1.19.5-cp39-cp39-manylinux1_i686.whl", hash = "sha256:d6631f2e867676b13026e2846180e2c13c1e11289d67da08d71cacb2cd93d4aa", size = 11495111 },
    { url = "https://files.pythonhosted.org/packages/89/62/189b502767f70a310a010c397fcd52169fdf75f6876e52beb54e98f1ce93/numpy-1.19.5-cp39-cp39-manylinux1_x86_64.whl", hash = "sha256:7fb43004bce0ca31d8f13a6eb5e943fa73371381e53f7074ed21a4cb786c32f8", size = 13392564 },
    { url = "https://files.pythonhosted.org/packages/60/f1/9afcfd695ffa3d8295aa2180ae9499f3ab03ddde7ac559c320945f7c4725/numpy-1.19.5-cp39-cp39-manylinux2010_i686.whl", hash = "sha256:2ea52bd92ab9f768cc64a4c3ef8f4b2580a17af0a5436f6126b08efbd1838371", size = 12602683 },
    { url = "https://files.pythonhosted.org/packages/f7/50/02c0fb5d913901ad643934713a31567df9b5065c28efc9672b707f80dfb1/numpy-1.19.5-cp39-cp39-manylinux2010_x86_64.whl", hash = "sha256:400580cbd3cff6ffa6293df2278c75aef2d58d8d93d3c5614cd67981dae68ceb", size = 14886464 },
    { url = "https://files.pythonhosted.org/packages/91/11/059ef2ef98f9eea49ece6d6046bc537c3050c575108a51a624a179c8e7e3/numpy-1.19.5-cp39-cp39-manylinux2014_aarch64.whl", hash = "sha256:df609c82f18c5b9f6cb97271f03315ff0dbe481a2a02e56aeb1b1a985ce38e60", size = 12411067 },
    { url = "https://files.pythonhosted.org/packages/77/fb/f0b570d098e23a899c8e64b3ceaa51bcba617789a45d8b558ad255aa867a/numpy-1.19.5-cp39-cp39-win32.whl", hash = "sha256:ab83f24d5c52d60dbc8cd0528759532736b56db58adaa7b5f1f76ad551416a1e", size = 11029423 },
    { url = "https://files.pythonhosted.org/packages/bc/40/d6f7ba9ce5406b578e538325828ea43849a3dfd8db63d1147a257d19c8d1/numpy-1.19.5-cp39-cp39-win_amd64.whl", hash = "sha256:0eef32ca3132a48e43f6a0f5a82cb508f22ce5a3d6f67a8329c81c8e226d3f6e", size = 13267873 },
    { url = "https://files.pythonhosted.org/packages/3c/1b/c8bb1bfe13a697f76a2c970df8fc7f287352ebafa9708a5b3f52692efd43/numpy-1.19.5-pp36-pypy36_pp73-manylinux2010_x86_64.whl", hash = "sha256:a0d53e51a6cb6f0d9082decb7a4cb6dfb33055308c4c44f53103c073f649af73", size = 14259809 },
]

[[package]]
name = "pandas"
version = "0.25.3"
source = { registry = "https://pypi.org/simple" }
dependencies = [
    { name = "numpy" },
    { name = "python-dateutil" },
    { name = "pytz" },
]
sdist = { url = "https://files.pythonhosted.org/packages/b7/93/b544dd08092b457d88e10fc1e0989d9397fd32ca936fdfcbb2584178dd2b/pandas-0.25.3.tar.gz", hash = "sha256:52da74df8a9c9a103af0a72c9d5fdc8e0183a90884278db7f386b5692a2220a4", size = 12632585 }
wheels = [
    { url = "https://files.pythonhosted.org/packages/32/37/b0abb12e1e387ec63adfb5c7bb7bcbc05a7e1ae22a3604b03843d7b04e0b/pandas-0.25.3-cp36-cp36m-macosx_10_9_x86_64.whl", hash = "sha256:ee50c2142cdcf41995655d499a157d0a812fce55c97d9aad13bc1eef837ed36c", size = 10354302 },
    { url = "https://files.pythonhosted.org/packages/da/2b/444b662c4f343de29965b79fcd92769e8c5757de354fe743bf9f25dc59b8/pandas-0.25.3-cp36-cp36m-manylinux1_i686.whl", hash = "sha256:4545467a637e0e1393f7d05d61dace89689ad6d6f66f267f86fff737b702cce9", size = 9193667 },
    { url = "https://files.pythonhosted.org/packages/52/3f/f6a428599e0d4497e1595030965b5ba455fd8ade6e977e3c819973c4b41d/pandas-0.25.3-cp36-cp36m-manylinux1_x86_64.whl", hash = "sha256:bbe3eb765a0b1e578833d243e2814b60c825b7fdbf4cdfe8e8aae8a08ed56ecf", size = 10417812 },
    { url = "https://files.pythonhosted.org/packages/b1/9e/4a7328a2635a0b82d9b47b16de6c089dd2f4b5f8ad23084332a7284a9cbf/pandas-0.25.3-cp36-cp36m-win32.whl", hash = "sha256:8153705d6545fd9eb6dd2bc79301bff08825d2e2f716d5dced48daafc2d0b81f", size = 7756760 },
    { url = "https://files.pythonhosted.org/packages/f0/ac/92c3d2f0b627efbd1a7b2156faa697f9c2bbd7b0fe83ba8a9d36f982156f/pandas-0.25.3-cp36-cp36m-win_amd64.whl", hash = "sha256:26382aab9c119735908d94d2c5c08020a4a0a82969b7e5eefb92f902b3b30ad7", size = 9035355 },
    { url = "https://files.pythonhosted.org/packages/16/b5/bab3477466a4d9e705d40829ac65683155e7977acbc07f05b06fabded1be/pandas-0.25.3-cp37-cp37m-macosx_10_9_x86_64.whl", hash = "sha256:00dff3a8e337f5ed7ad295d98a31821d3d0fe7792da82d78d7fd79b89c03ea9d", size = 10168146 },
    { url = "https://files.pythonhosted.org/packages/63/e0/a1b39cdcb2c391f087a1538bc8a6d62a82d0439693192aef541d7b123769/pandas-0.25.3-cp37-cp37m-manylinux1_x86_64.whl", hash = "sha256:e45055c30a608076e31a9fcd780a956ed3b1fa20db61561b8d88b79259f526f7", size = 10429371 },
    { url = "https://files.pythonhosted.org/packages/a2/7d/54f09000634dc90eb3662500517feffe243a40cfc9cbd4e1a099b47de6b5/pandas-0.25.3-cp37-cp37m-win32.whl", hash = "sha256:255920e63850dc512ce356233081098554d641ba99c3767dde9e9f35630f994b", size = 7943378 },
    { url = "https://files.pythonhosted.org/packages/02/d0/1e8e60e61e748338e3a40e42f5dfeee63ccdecfc4f0894122b890bfb009a/pandas-0.25.3-cp37-cp37m-win_amd64.whl", hash = "sha256:22361b1597c8c2ffd697aa9bf85423afa9e1fcfa6b1ea821054a244d5f24d75e", size = 9215582 },
    { url = "https://files.pythonhosted.org/packages/52/ca/f986280226b62da6ae5474589a369b0d240f9a61a99144a501b45f108883/pandas-0.25.3-cp38-cp38-macosx_10_9_x86_64.whl", hash = "sha256:9962957a27bfb70ab64103d0a7b42fa59c642fb4ed4cb75d0227b7bb9228535d", size = 10298752 },
    { url = "https://files.pythonhosted.org/packages/7b/fd/41698f20fd297cef2dc43a72a8ca42d149eaf7d954f1fb2bd3fc366a658d/pandas-0.25.3-cp38-cp38-manylinux1_x86_64.whl", hash = "sha256:78bf638993219311377ce9836b3dc05f627a666d0dbc8cec37c0ff3c9ada673b", size = 10353260 },
    { url = "https://files.pythonhosted.org/packages/78/b9/a304328ea14cd172a5cf681b634b99e24a5b4e24de83204b713b088f02d5/pandas-0.25.3-cp38-cp38-win32.whl", hash = "sha256:6a3ac2c87e4e32a969921d1428525f09462770c349147aa8e9ab95f88c71ec71", size = 8069539 },
    { url = "https://files.pythonhosted.org/packages/5f/35/ef57828dc80c979592a9bf61831d4de5ee2918eb285f56bb2956236eecdf/pandas-0.25.3-cp38-cp38-win_amd64.whl", hash = "sha256:33970f4cacdd9a0ddb8f21e151bfb9f178afb7c36eb7c25b9094c02876f385c2", size = 9430130 },
]

[[package]]
name = "pyarrow"
version = "6.0.1"
source = { registry = "https://pypi.org/simple" }
dependencies = [
    { name = "numpy" },
]
sdist = { url = "https://files.pythonhosted.org/packages/38/c6/97a4133eea642155e7a73cb946d889cadc461a1e6b93f5627af9fdd7b3f3/pyarrow-6.0.1.tar.gz", hash = "sha256:423990d56cd8f12283b67367d48e142739b789085185018eb03d05087c3c8d43", size = 770728 }
wheels = [
    { url = "https://files.pythonhosted.org/packages/0f/8a/31f188ef05981ff52c55fcb690edbe2c2f17ea0aedd4b46a6bf3b83e2745/pyarrow-6.0.1-cp310-cp310-macosx_10_13_universal2.whl", hash = "sha256:c80d2436294a07f9cc54852aa1cef034b6f9c97d29235c4bd53bbf52e24f1ebf", size = 27263394 },
    { url = "https://files.pythonhosted.org/packages/ac/d5/8f5cca9c43860f5ba2ce77841764550a1135fa48823699cacb480f3d462d/pyarrow-6.0.1-cp310-cp310-macosx_10_13_x86_64.whl", hash = "sha256:f150b4f222d0ba397388908725692232345adaa8e58ad543ca00f03c7234ae7b", size = 19184551 },
    { url = "https://files.pythonhosted.org/packages/a6/f9/1a8a1ce19dc0a2d0c22bf6f4781e056037b4bf5aec8966f8ce7d23a5f218/pyarrow-6.0.1-cp310-cp310-macosx_10_9_x86_64.whl", hash = "sha256:c3a727642c1283dcb44728f0d0a00f8864b171e31c835f4b8def07e3fa8f5c73", size = 17691907 },
    { url = "https://files.pythonhosted.org/packages/45/f1/bf85772f95addb87d1e8fe6b8ff5808499048c4c6411ac1cd2fbf6881b99/pyarrow-6.0.1-cp310-cp310-macosx_11_0_arm64.whl", hash = "sha256:d29605727865177918e806d855fd8404b6242bf1e56ade0a0023cd4fe5f7f841", size = 13768585 },
    { url = "https://files.pythonhosted.org/packages/74/44/b2c222a44545c5733547a4a6a465aca6666983cdb0df858a109c78e32b4f/pyarrow-6.0.1-cp310-cp310-manylinux_2_12_x86_64.manylinux2010_x86_64.whl", hash = "sha256:b63b54dd0bada05fff76c15b233f9322de0e6947071b7871ec45024e16045aeb", size = 24432804 },
    { url = "https://files.pythonhosted.org/packages/a0/04/9ec9b89ea5561c42d239f848b1c12c8c0379c6b2212617b69560b39d09f4/pyarrow-6.0.1-cp310-cp310-manylinux_2_17_aarch64.manylinux2014_aarch64.whl", hash = "sha256:9e90e75cb11e61ffeffb374f1db7c4788f1df0cb269596bf86c473155294958d", size = 23899854 },
    { url = "https://files.pythonhosted.org/packages/1e/02/e565e5737b61a6638bba37e1f1cbce92a53998009f9aafe402fbde3643de/pyarrow-6.0.1-cp310-cp310-manylinux_2_17_x86_64.manylinux2014_x86_64.whl", hash = "sha256:1f4f3db1da51db4cfbafab3066a01b01578884206dced9f505da950d9ed4402d", size = 25640609 },
    { url = "https://files.pythonhosted.org/packages/ab/79/8f880f95ce34095ddaea7afb1f35c9cf03936098bd01c47a3a768954072c/pyarrow-6.0.1-cp310-cp310-win_amd64.whl", hash = "sha256:2523f87bd36877123fc8c4813f60d298722143ead73e907690a87e8557114693", size = 15499763 },
    { url = "https://files.pythonhosted.org/packages/0d/07/f4f3cc74d1ec1c8c54252c0bcd186103e818a137485fd39abf7836a3300b/pyarrow-6.0.1-cp36-cp36m-macosx_10_13_x86_64.whl", hash = "sha256:8f7d34efb9d667f9204b40ce91a77613c46691c24cd098e3b6986bd7401b8f06", size = 19121768 },
    { url = "https://files.pythonhosted.org/packages/2d/af/2fc1307122419823ea9547f0a7add4bf4359664a9d7f57338a2bd709efd3/pyarrow-6.0.1-cp36-cp36m-macosx_10_9_x86_64.whl", hash = "sha256:e3c9184335da8faf08c0df95668ce9d778df3795ce4eec959f44908742900e10", size = 17629713 },
    { url = "https://files.pythonhosted.org/packages/b2/ad/7edf21102b6f7f12b9d4608542ebb481fdde17eeef0e2d1832ff4ae71cd2/pyarrow-6.0.1-cp36-cp36m-manylinux_2_12_x86_64.manylinux2010_x86_64.whl", hash = "sha256:02baee816456a6e64486e587caaae2bf9f084fa3a891354ff18c3e945a1cb72f", size = 24384082 },
    { url = "https://files.pythonhosted.org/packages/a5/66/17358835cfd0b4755615acfff9dfbf1ff3dc41d4030992ec0ac16217c801/pyarrow-6.0.1-cp36-cp36m-manylinux_2_17_aarch64.manylinux2014_aarch64.whl", hash = "sha256:604782b1c744b24a55df80125991a7154fbdef60991eb3d02bfaed06d22f055e", size = 23859097 },
    { url = "https://files.pythonhosted.org/packages/72/b5/01d4730395cf27ec679debfeab60efaafebd10177ff5b04eef5d530a6bf8/pyarrow-6.0.1-cp36-cp36m-manylinux_2_17_x86_64.manylinux2014_x86_64.whl", hash = "sha256:fab8132193ae095c43b1e8d6d7f393451ac198de5aaf011c6b576b1442966fec", size = 25589675 },
    { url = "https://files.pythonhosted.org/packages/57/ec/cb1115c8fabc0e5403db2033f1ea36c438ce19db9a7c0a3e8f4955eadb2d/pyarrow-6.0.1-cp36-cp36m-win_amd64.whl", hash = "sha256:31038366484e538608f43920a5e2957b8862a43aa49438814619b527f50ec127", size = 15438227 },
    { url = "https://files.pythonhosted.org/packages/43/6d/a8460d24d0fbaf0baae8b8a3ca633cf555c22766d344af7aa7330a754b33/pyarrow-6.0.1-cp37-cp37m-macosx_10_13_x86_64.whl", hash = "sha256:632bea00c2fbe2da5d29ff1698fec312ed3aabfb548f06100144e1907e22093a", size = 19125838 },
    { url = "https://files.pythonhosted.org/packages/ba/e7/06e3cd72bb413c98cb5d5d66114c92dc1e9eaba01d21eb4a16de0b3d5f12/pyarrow-6.0.1-cp37-cp37m-macosx_10_9_x86_64.whl", hash = "sha256:dc03c875e5d68b0d0143f94c438add3ab3c2411ade2748423a9c24608fea571e", size = 17633731 },
    { url = "https://files.pythonhosted.org/packages/c4/51/644d99395b299a411c8d8bd4088fa0827eb45166e4c15d38dc84099194ed/pyarrow-6.0.1-cp37-cp37m-manylinux_2_12_x86_64.manylinux2010_x86_64.whl", hash = "sha256:1cd4de317df01679e538004123d6d7bc325d73bad5c6bbc3d5f8aa2280408869", size = 24366827 },
    { url = "https://files.pythonhosted.org/packages/17/e0/db75f333c785ef125a6c54a0f0cb8bfee28e6ff40af4ee96c439c9417740/pyarrow-6.0.1-cp37-cp37m-manylinux_2_17_aarch64.manylinux2014_aarch64.whl", hash = "sha256:e77b1f7c6c08ec319b7882c1a7c7304731530923532b3243060e6e64c456cf34", size = 23856999 },
    { url = "https://files.pythonhosted.org/packages/5e/1c/78a5a9264abf3f841b7e1f52a091dee116c2ae2dfe26bb974fa3154b73e3/pyarrow-6.0.1-cp37-cp37m-manylinux_2_17_x86_64.manylinux2014_x86_64.whl", hash = "sha256:a424fd9a3253d0322d53be7bbb20b5b01511706a61efadcf37f416da325e3d48", size = 25578130 },
    { url = "https://files.pythonhosted.org/packages/34/bb/81ad77d518e976216b34c1e462734f4cb6eacbada32d597b0ba1b471961b/pyarrow-6.0.1-cp37-cp37m-win_amd64.whl", hash = "sha256:c958cf3a4a9eee09e1063c02b89e882d19c61b3a2ce6cbd55191a6f45ed5004b", size = 15440704 },
    { url = "https://files.pythonhosted.org/packages/e7/a0/b5247fc773772334b63d936786e56695e1d3584b8317a1a972f7b152a78e/pyarrow-6.0.1-cp38-cp38-macosx_10_13_x86_64.whl", hash = "sha256:0e0ef24b316c544f4bb56f5c376129097df3739e665feca0eb567f716d45c55a", size = 19143433 },
    { url = "https://files.pythonhosted.org/packages/e7/9f/ef4ec443573805768f62763a47f24d867903b1b56c504d97d6879d475851/pyarrow-6.0.1-cp38-cp38-macosx_10_9_x86_64.whl", hash = "sha256:2c13ec3b26b3b069d673c5fa3a0c70c38f0d5c94686ac5dbc9d7e7d24040f812", size = 17651922 },
    { url = "https://files.pythonhosted.org/packages/04/81/1e72d452bc2ba6994c872f950980433ba29638c1ca6cd753ff1b72edd882/pyarrow-6.0.1-cp38-cp38-macosx_11_0_arm64.whl", hash = "sha256:71891049dc58039a9523e1cb0d921be001dacb2b327fa7b62a35b96a3aad9f0d", size = 13735553 },
    { url = "https://files.pythonhosted.org/packages/87/1c/48d826be2cb69ca8f664ab7fd42079c3cd3ba5ef3a93cefe33158ea16c39/pyarrow-6.0.1-cp38-cp38-manylinux_2_12_x86_64.manylinux2010_x86_64.whl", hash = "sha256:943141dd8cca6c5722552a0b11a3c2e791cdf85f1768dea8170b0a8a7e824ff9", size = 24430416 },
    { url = "https://files.pythonhosted.org/packages/69/86/122a05561acd02203633fffb483b3b68dac8887f81d9a1ff48b8f0f58a2a/pyarrow-6.0.1-cp38-cp38-manylinux_2_17_aarch64.manylinux2014_aarch64.whl", hash = "sha256:1fd077c06061b8fa8fdf91591a4270e368f63cf73c6ab56924d3b64efa96a873", size = 23899611 },
    { url = "https://files.pythonhosted.org/packages/67/78/925a1a280628474f160518922e2e559db14b556e75158d28d8b46291089f/pyarrow-6.0.1-cp38-cp38-manylinux_2_17_x86_64.manylinux2014_x86_64.whl", hash = "sha256:5308f4bb770b48e07c8cff36cf6a4452862e8ce9492428ad5581d846420b3884", size = 25636513 },
    { url = "https://files.pythonhosted.org/packages/f9/e0/288fcbda41d4fa36cb5ccf3c1ec8365160c6f2c12ca285aa2f5635c4d9bd/pyarrow-6.0.1-cp38-cp38-win_amd64.whl", hash = "sha256:cde4f711cd9476d4da18128c3a40cb529b6b7d2679aee6e0576212547530fef1", size = 15498423 },
    { url = "https://files.pythonhosted.org/packages/79/51/0468ae07d9e25442c8ca36828dda7fffaaafe1d66d245d4ff63119f60469/pyarrow-6.0.1-cp39-cp39-macosx_10_13_universal2.whl", hash = "sha256:b8628269bd9289cae0ea668f5900451043252fe3666667f614e140084dd31aac", size = 27263362 },
    { url = "https://files.pythonhosted.org/packages/04/7e/2d733af8f741ac2c27fd243c967bb1d85d250183e4096befd1331e6efd73/pyarrow-6.0.1-cp39-cp39-macosx_10_13_x86_64.whl", hash = "sha256:981ccdf4f2696550733e18da882469893d2f33f55f3cbeb6a90f81741cbf67aa", size = 19184194 },
    { url = "https://files.pythonhosted.org/packages/15/fd/efb7eb5a572beb767d41c694f399bbd9fb05a3403c930dc791f5abd7b0c7/pyarrow-6.0.1-cp39-cp39-macosx_10_9_x86_64.whl", hash = "sha256:954326b426eec6e31ff55209f8840b54d788420e96c4005aaa7beed1fe60b42d", size = 17691583 },
    { url = "https://files.pythonhosted.org/packages/4b/b4/c8cea87f2b8f07d44b48db031d18394a0d54eb8880f06fde15e865ba7b36/pyarrow-6.0.1-cp39-cp39-macosx_11_0_arm64.whl", hash = "sha256:6b6483bf6b61fe9a046235e4ad4d9286b707607878d7dbdc2eb85a6ec4090baf", size = 13768477 },
    { url = "https://files.pythonhosted.org/packages/b7/eb/333f5e46a8697fb2cab42382f1fa2b2f3134d98ee33586cc466105f915b0/pyarrow-6.0.1-cp39-cp39-manylinux_2_12_x86_64.manylinux2010_x86_64.whl", hash = "sha256:7ecad40a1d4e0104cd87757a403f36850261e7a989cf9e4cb3e30420bbbd1092", size = 24431341 },
    { url = "https://files.pythonhosted.org/packages/06/b5/504909ffb1509dc1fbcc1db673e52f935645e35b0ebd38f23c4658fce164/pyarrow-6.0.1-cp39-cp39-manylinux_2_17_aarch64.manylinux2014_aarch64.whl", hash = "sha256:04c752fb41921d0064568a15a87dbb0222cfbe9040d4b2c1b306fe6e0a453530", size = 23902189 },
    { url = "https://files.pythonhosted.org/packages/72/fd/90656183d16dd3a3f77ba4ecdd0611cadac708df4ff1c6df39db2b810d23/pyarrow-6.0.1-cp39-cp39-manylinux_2_17_x86_64.manylinux2014_x86_64.whl", hash = "sha256:725d3fe49dfe392ff14a8ae6a75b230a60e8985f2b621b18cfa912fe02b65f1a", size = 25645745 },
    { url = "https://files.pythonhosted.org/packages/16/a9/3516aa39065f6004951b1a6f6d9f782c8745fd437b6946ffbf6c4b8d66df/pyarrow-6.0.1-cp39-cp39-win_amd64.whl", hash = "sha256:2403c8af207262ce8e2bc1a9d19313941fd2e424f1cb3c4b749c17efe1fd699a", size = 15493060 },
]

[[package]]
name = "pyasn1"
version = "0.5.1"
source = { registry = "https://pypi.org/simple" }
sdist = { url = "https://files.pythonhosted.org/packages/ce/dc/996e5446a94627fe8192735c20300ca51535397e31e7097a3cc80ccf78b7/pyasn1-0.5.1.tar.gz", hash = "sha256:6d391a96e59b23130a5cfa74d6fd7f388dbbe26cc8f1edf39fdddf08d9d6676c", size = 147134 }
wheels = [
    { url = "https://files.pythonhosted.org/packages/d1/75/4686d2872bf2fc0b37917cbc8bbf0dd3a5cdb0990799be1b9cbf1e1eb733/pyasn1-0.5.1-py2.py3-none-any.whl", hash = "sha256:4439847c58d40b1d0a573d07e3856e95333f1976294494c325775aeca506eb58", size = 84930 },
]

[[package]]
name = "pyasn1-modules"
version = "0.3.0"
source = { registry = "https://pypi.org/simple" }
dependencies = [
    { name = "pyasn1" },
]
sdist = { url = "https://files.pythonhosted.org/packages/3b/e4/7dec823b1b5603c5b3c51e942d5d9e65efd6ff946e713a325ed4146d070f/pyasn1_modules-0.3.0.tar.gz", hash = "sha256:5bd01446b736eb9d31512a30d46c1ac3395d676c6f3cafa4c03eb54b9925631c", size = 307901 }
wheels = [
    { url = "https://files.pythonhosted.org/packages/cd/8e/bea464350e1b8c6ed0da3a312659cb648804a08af6cacc6435867f74f8bd/pyasn1_modules-0.3.0-py2.py3-none-any.whl", hash = "sha256:d3ccd6ed470d9ffbc716be08bd90efbd44d0734bc9303818f7336070984a162d", size = 181306 },
]

[[package]]
name = "python-dateutil"
version = "2.9.0.post0"
source = { registry = "https://pypi.org/simple" }
dependencies = [
    { name = "six" },
]
sdist = { url = "https://files.pythonhosted.org/packages/66/c0/0c8b6ad9f17a802ee498c46e004a0eb49bc148f2fd230864601a86dcf6db/python-dateutil-2.9.0.post0.tar.gz", hash = "sha256:37dd54208da7e1cd875388217d5e00ebd4179249f90fb72437e91a35459a0ad3", size = 342432 }
wheels = [
    { url = "https://files.pythonhosted.org/packages/ec/57/56b9bcc3c9c6a792fcbaf139543cee77261f3651ca9da0c93f5c1221264b/python_dateutil-2.9.0.post0-py2.py3-none-any.whl", hash = "sha256:a8b2bc7bffae282281c8140a97d3aa9c14da0b136dfe83f850eea9a5f7470427", size = 229892 },
]

[[package]]
name = "pytz"
version = "2024.2"
source = { registry = "https://pypi.org/simple" }
sdist = { url = "https://files.pythonhosted.org/packages/3a/31/3c70bf7603cc2dca0f19bdc53b4537a797747a58875b552c8c413d963a3f/pytz-2024.2.tar.gz", hash = "sha256:2aa355083c50a0f93fa581709deac0c9ad65cca8a9e9beac660adcbd493c798a", size = 319692 }
wheels = [
    { url = "https://files.pythonhosted.org/packages/11/c3/005fcca25ce078d2cc29fd559379817424e94885510568bc1bc53d7d5846/pytz-2024.2-py2.py3-none-any.whl", hash = "sha256:31c7c1817eb7fae7ca4b8c7ee50c72f93aa2dd863de768e1ef4245d426aa0725", size = 508002 },
]

[[package]]
name = "requests"
version = "2.27.1"
source = { registry = "https://pypi.org/simple" }
dependencies = [
    { name = "certifi" },
    { name = "charset-normalizer" },
    { name = "idna" },
    { name = "urllib3" },
]
sdist = { url = "https://files.pythonhosted.org/packages/60/f3/26ff3767f099b73e0efa138a9998da67890793bfa475d8278f84a30fec77/requests-2.27.1.tar.gz", hash = "sha256:68d7c56fd5a8999887728ef304a6d12edc7be74f1cfa47714fc8b414525c9a61", size = 106758 }
wheels = [
    { url = "https://files.pythonhosted.org/packages/2d/61/08076519c80041bc0ffa1a8af0cbd3bf3e2b62af10435d269a9d0f40564d/requests-2.27.1-py2.py3-none-any.whl", hash = "sha256:f22fa1e554c9ddfd16e6e41ac79759e17be9e492b3587efa038054674760e72d", size = 63133 },
]

[[package]]
name = "rsa"
version = "4.9"
source = { registry = "https://pypi.org/simple" }
dependencies = [
    { name = "pyasn1" },
]
sdist = { url = "https://files.pythonhosted.org/packages/aa/65/7d973b89c4d2351d7fb232c2e452547ddfa243e93131e7cfa766da627b52/rsa-4.9.tar.gz", hash = "sha256:e38464a49c6c85d7f1351b0126661487a7e0a14a50f1675ec50eb34d4f20ef21", size = 29711 }
wheels = [
    { url = "https://files.pythonhosted.org/packages/49/97/fa78e3d2f65c02c8e1268b9aba606569fe97f6c8f7c2d74394553347c145/rsa-4.9-py3-none-any.whl", hash = "sha256:90260d9058e514786967344d0ef75fa8727eed8a7d2e43ce9f4bcf1b536174f7", size = 34315 },
]

[[package]]
name = "six"
version = "1.17.0"
source = { registry = "https://pypi.org/simple" }
sdist = { url = "https://files.pythonhosted.org/packages/94/e7/b2c673351809dca68a0e064b6af791aa332cf192da575fd474ed7d6f16a2/six-1.17.0.tar.gz", hash = "sha256:ff70335d468e7eb6ec65b95b99d3a2836546063f63acc5171de367e834932a81", size = 34031 }
wheels = [
    { url = "https://files.pythonhosted.org/packages/b7/ce/149a00dd41f10bc29e5921b496af8b574d8413afcd5e30dfa0ed46c2cc5e/six-1.17.0-py2.py3-none-any.whl", hash = "sha256:4721f391ed90541fddacab5acf947aa0d3dc7d27b2e1e8eda2be8970586c3274", size = 11050 },
]

[[package]]
name = "trino"
version = "0.309.0"
source = { registry = "https://pypi.org/simple" }
dependencies = [
    { name = "requests" },
]
sdist = { url = "https://files.pythonhosted.org/packages/27/35/471d2704d798dbd68972b1b49837b65bdfc0ee7c3364b653141a618d53c8/trino-0.309.0.tar.gz", hash = "sha256:ffb040e8fc344f946d6152b13d7cae2a0451ba6f74b31ed446616e3554720008", size = 28374 }
wheels = [
    { url = "https://files.pythonhosted.org/packages/54/e7/94ebb8e6e56dbece21f6cf587403f1c33587577b91ab95ffcdbd5cf3e765/trino-0.309.0-py3-none-any.whl", hash = "sha256:81051902bcdf4403b71e28adbe053f5b2ce6de91533aea581d753c6c0d73dc4a", size = 33090 },
]

[[package]]
name = "trinoq"
source = { editable = "." }
dependencies = [
    { name = "google-auth" },
    { name = "pandas" },
    { name = "pyarrow" },
    { name = "trino" },
]

[package.metadata]
requires-dist = [
    { name = "google-auth" },
    { name = "pandas" },
    { name = "pyarrow" },
    { name = "trino" },
]

[[package]]
name = "urllib3"
version = "1.26.20"
source = { registry = "https://pypi.org/simple" }
sdist = { url = "https://files.pythonhosted.org/packages/e4/e8/6ff5e6bc22095cfc59b6ea711b687e2b7ed4bdb373f7eeec370a97d7392f/urllib3-1.26.20.tar.gz", hash = "sha256:40c2dc0c681e47eb8f90e7e27bf6ff7df2e677421fd46756da1161c39ca70d32", size = 307380 }
wheels = [
    { url = "https://files.pythonhosted.org/packages/33/cf/8435d5a7159e2a9c83a95896ed596f68cf798005fe107cc655b5c5c14704/urllib3-1.26.20-py2.py3-none-any.whl", hash = "sha256:0ed14ccfbf1c30a9072c7ca157e4319b70d65f623e91e7b32fadb2853431016e", size = 144225 },
]
